
Microsoft Visual Studio Solution File, Format Version 12.00
# Visual Studio Version 17
VisualStudioVersion = 17.7.34031.279
MinimumVisualStudioVersion = 10.0.40219.1
Project("{FAE04EC0-301F-11D3-BF4B-00C04F79EFBC}") = "WebShop5", "WebShop5.csproj", "{AAF2C863-E1C6-4060-A4A6-57C16697B81B}"
EndProject
Global
	GlobalSection(SolutionConfigurationPlatforms) = preSolution
		Debug|Any CPU = Debug|Any CPU
		Release|Any CPU = Release|Any CPU
	EndGlobalSection
	GlobalSection(ProjectConfigurationPlatforms) = postSolution
		{AAF2C863-E1C6-4060-A4A6-57C16697B81B}.Debug|Any CPU.ActiveCfg = Debug|Any CPU
		{AAF2C863-E1C6-4060-A4A6-57C16697B81B}.Debug|Any CPU.Build.0 = Debug|Any CPU
		{AAF2C863-E1C6-4060-A4A6-57C16697B81B}.Release|Any CPU.ActiveCfg = Release|Any CPU
		{AAF2C863-E1C6-4060-A4A6-57C16697B81B}.Release|Any CPU.Build.0 = Release|Any CPU
	EndGlobalSection
	GlobalSection(SolutionProperties) = preSolution
		HideSolutionNode = FALSE
	EndGlobalSection
	GlobalSection(ExtensibilityGlobals) = postSolution
		SolutionGuid = {242BA8BF-8948-4053-B4BA-24F7DA26F946}
	EndGlobalSection
EndGlobal
